Microsoft Visual Studio Solution File, Format Version 11.00
# Visual Studio 2008

Project("{4163C4D0-0464-BD73-4DAE-68EEC48E2B20}") = "10 Button Calculator", "Assembly-CSharp.csproj", "{41D0C9F8-13C1-D055-4066-0CBCD953A615}"
EndProject
Global
	GlobalSection(SolutionConfigurationPlatforms) = preSolution
		Debug|Any CPU = Debug|Any CPU
		Release|Any CPU = Release|Any CPU
	EndGlobalSection
	GlobalSection(ProjectConfigurationPlatforms) = postSolution
		{41D0C9F8-13C1-D055-4066-0CBCD953A615}.Debug|Any CPU.ActiveCfg = Debug|Any CPU
		{41D0C9F8-13C1-D055-4066-0CBCD953A615}.Debug|Any CPU.Build.0 = Debug|Any CPU
		{41D0C9F8-13C1-D055-4066-0CBCD953A615}.Release|Any CPU.ActiveCfg = Release|Any CPU
		{41D0C9F8-13C1-D055-4066-0CBCD953A615}.Release|Any CPU.Build.0 = Release|Any CPU
	EndGlobalSection
	GlobalSection(SolutionProperties) = preSolution
		HideSolutionNode = FALSE
	EndGlobalSection
								GlobalSection(MonoDevelopProperties) = preSolution
		StartupItem = Assembly-CSharp.csproj
	EndGlobalSection

EndGlobal
